
Microsoft Visual Studio Solution File, Format Version 12.00
# Visual Studio Version 17
VisualStudioVersion = 17.1.32210.238
MinimumVisualStudioVersion = 10.0.40219.1
Project("{FAE04EC0-301F-11D3-BF4B-00C04F79EFBC}") = "EjemplosBinding", "EjemplosBinding\EjemplosBinding.csproj", "{F2F5EF68-846D-45E8-9295-068CDB9E2766}"
EndProject
Global
	GlobalSection(SolutionConfigurationPlatforms) = preSolution
		Debug|Any CPU = Debug|Any CPU
		Release|Any CPU = Release|Any CPU
	EndGlobalSection
	GlobalSection(ProjectConfigurationPlatforms) = postSolution
		{F2F5EF68-846D-45E8-9295-068CDB9E2766}.Debug|Any CPU.ActiveCfg = Debug|Any CPU
		{F2F5EF68-846D-45E8-9295-068CDB9E2766}.Debug|Any CPU.Build.0 = Debug|Any CPU
		{F2F5EF68-846D-45E8-9295-068CDB9E2766}.Release|Any CPU.ActiveCfg = Release|Any CPU
		{F2F5EF68-846D-45E8-9295-068CDB9E2766}.Release|Any CPU.Build.0 = Release|Any CPU
	EndGlobalSection
	GlobalSection(SolutionProperties) = preSolution
		HideSolutionNode = FALSE
	EndGlobalSection
	GlobalSection(ExtensibilityGlobals) = postSolution
		SolutionGuid = {FC736754-65C0-43E1-BBCA-9A815976A962}
	EndGlobalSection
EndGlobal
